
Microsoft Visual Studio Solution File, Format Version 12.00
# Visual Studio Version 16
VisualStudioVersion = 16.0.30413.136
MinimumVisualStudioVersion = 10.0.40219.1
Project("{FAE04EC0-301F-11D3-BF4B-00C04F79EFBC}") = "PokemonAPI", "PokemonAPI\PokemonAPI.csproj", "{D261FF46-B367-46F0-86DB-34564364E220}"
EndProject
Project("{FAE04EC0-301F-11D3-BF4B-00C04F79EFBC}") = "Giphy", "Giphy\Giphy.csproj", "{93583A09-FF84-4A4D-B934-B1146259E3F2}"
EndProject
Project("{FAE04EC0-301F-11D3-BF4B-00C04F79EFBC}") = "YoutubeAPI", "YoutubeAPI\YoutubeAPI.csproj", "{0589389F-363B-4911-97C1-40DE2AD02887}"
EndProject
Global
	GlobalSection(SolutionConfigurationPlatforms) = preSolution
		Debug|Any CPU = Debug|Any CPU
		Release|Any CPU = Release|Any CPU
	EndGlobalSection
	GlobalSection(ProjectConfigurationPlatforms) = postSolution
		{D261FF46-B367-46F0-86DB-34564364E220}.Debug|Any CPU.ActiveCfg = Debug|Any CPU
		{D261FF46-B367-46F0-86DB-34564364E220}.Debug|Any CPU.Build.0 = Debug|Any CPU
		{D261FF46-B367-46F0-86DB-34564364E220}.Release|Any CPU.ActiveCfg = Release|Any CPU
		{D261FF46-B367-46F0-86DB-34564364E220}.Release|Any CPU.Build.0 = Release|Any CPU
		{93583A09-FF84-4A4D-B934-B1146259E3F2}.Debug|Any CPU.ActiveCfg = Debug|Any CPU
		{93583A09-FF84-4A4D-B934-B1146259E3F2}.Debug|Any CPU.Build.0 = Debug|Any CPU
		{93583A09-FF84-4A4D-B934-B1146259E3F2}.Release|Any CPU.ActiveCfg = Release|Any CPU
		{93583A09-FF84-4A4D-B934-B1146259E3F2}.Release|Any CPU.Build.0 = Release|Any CPU
		{0589389F-363B-4911-97C1-40DE2AD02887}.Debug|Any CPU.ActiveCfg = Debug|Any CPU
		{0589389F-363B-4911-97C1-40DE2AD02887}.Debug|Any CPU.Build.0 = Debug|Any CPU
		{0589389F-363B-4911-97C1-40DE2AD02887}.Release|Any CPU.ActiveCfg = Release|Any CPU
		{0589389F-363B-4911-97C1-40DE2AD02887}.Release|Any CPU.Build.0 = Release|Any CPU
	EndGlobalSection
	GlobalSection(SolutionProperties) = preSolution
		HideSolutionNode = FALSE
	EndGlobalSection
	GlobalSection(ExtensibilityGlobals) = postSolution
		SolutionGuid = {4FDD2F04-C01C-402A-A798-6FD8253E9E8C}
	EndGlobalSection
EndGlobal
